
Microsoft Visual Studio Solution File, Format Version 12.00
# Visual Studio Version 16
VisualStudioVersion = 16.0.30320.27
MinimumVisualStudioVersion = 10.0.40219.1
Project("{F2A71F9B-5D33-465A-A702-920D77279786}") = "Hanoi", "Hanoi\Hanoi.fsproj", "{ED03D40C-5C56-4584-9B07-281BB9D5D5B8}"
EndProject
Global
	GlobalSection(SolutionConfigurationPlatforms) = preSolution
		Debug|Any CPU = Debug|Any CPU
		Release|Any CPU = Release|Any CPU
	EndGlobalSection
	GlobalSection(ProjectConfigurationPlatforms) = postSolution
		{ED03D40C-5C56-4584-9B07-281BB9D5D5B8}.Debug|Any CPU.ActiveCfg = Debug|Any CPU
		{ED03D40C-5C56-4584-9B07-281BB9D5D5B8}.Debug|Any CPU.Build.0 = Debug|Any CPU
		{ED03D40C-5C56-4584-9B07-281BB9D5D5B8}.Release|Any CPU.ActiveCfg = Release|Any CPU
		{ED03D40C-5C56-4584-9B07-281BB9D5D5B8}.Release|Any CPU.Build.0 = Release|Any CPU
	EndGlobalSection
	GlobalSection(SolutionProperties) = preSolution
		HideSolutionNode = FALSE
	EndGlobalSection
	GlobalSection(ExtensibilityGlobals) = postSolution
		SolutionGuid = {0006F473-63DC-47FF-9FCE-B82661A2090F}
	EndGlobalSection
EndGlobal
