
Microsoft Visual Studio Solution File, Format Version 12.00
# Visual Studio 15
VisualStudioVersion = 15.0.26124.0
MinimumVisualStudioVersion = 15.0.26124.0
Project("{F2A71F9B-5D33-465A-A702-920D77279786}") = "HttpClient", "HttpClient\HttpClient.fsproj", "{E31F2E51-AFD5-473C-B623-1ECB0E02C6ED}"
EndProject
Project("{F2A71F9B-5D33-465A-A702-920D77279786}") = "WebApplication", "WebApplication\WebApplication.fsproj", "{49B7EB3D-B79C-4646-AF13-BDCDB6283268}"
EndProject
Global
	GlobalSection(SolutionConfigurationPlatforms) = preSolution
		Debug|Any CPU = Debug|Any CPU
		Debug|x64 = Debug|x64
		Debug|x86 = Debug|x86
		Release|Any CPU = Release|Any CPU
		Release|x64 = Release|x64
		Release|x86 = Release|x86
	EndGlobalSection
	GlobalSection(SolutionProperties) = preSolution
		HideSolutionNode = FALSE
	EndGlobalSection
	GlobalSection(ProjectConfigurationPlatforms) = postSolution
		{E31F2E51-AFD5-473C-B623-1ECB0E02C6ED}.Debug|Any CPU.ActiveCfg = Debug|Any CPU
		{E31F2E51-AFD5-473C-B623-1ECB0E02C6ED}.Debug|Any CPU.Build.0 = Debug|Any CPU
		{E31F2E51-AFD5-473C-B623-1ECB0E02C6ED}.Debug|x64.ActiveCfg = Debug|Any CPU
		{E31F2E51-AFD5-473C-B623-1ECB0E02C6ED}.Debug|x64.Build.0 = Debug|Any CPU
		{E31F2E51-AFD5-473C-B623-1ECB0E02C6ED}.Debug|x86.ActiveCfg = Debug|Any CPU
		{E31F2E51-AFD5-473C-B623-1ECB0E02C6ED}.Debug|x86.Build.0 = Debug|Any CPU
		{E31F2E51-AFD5-473C-B623-1ECB0E02C6ED}.Release|Any CPU.ActiveCfg = Release|Any CPU
		{E31F2E51-AFD5-473C-B623-1ECB0E02C6ED}.Release|Any CPU.Build.0 = Release|Any CPU
		{E31F2E51-AFD5-473C-B623-1ECB0E02C6ED}.Release|x64.ActiveCfg = Release|Any CPU
		{E31F2E51-AFD5-473C-B623-1ECB0E02C6ED}.Release|x64.Build.0 = Release|Any CPU
		{E31F2E51-AFD5-473C-B623-1ECB0E02C6ED}.Release|x86.ActiveCfg = Release|Any CPU
		{E31F2E51-AFD5-473C-B623-1ECB0E02C6ED}.Release|x86.Build.0 = Release|Any CPU
		{49B7EB3D-B79C-4646-AF13-BDCDB6283268}.Debug|Any CPU.ActiveCfg = Debug|Any CPU
		{49B7EB3D-B79C-4646-AF13-BDCDB6283268}.Debug|Any CPU.Build.0 = Debug|Any CPU
		{49B7EB3D-B79C-4646-AF13-BDCDB6283268}.Debug|x64.ActiveCfg = Debug|Any CPU
		{49B7EB3D-B79C-4646-AF13-BDCDB6283268}.Debug|x64.Build.0 = Debug|Any CPU
		{49B7EB3D-B79C-4646-AF13-BDCDB6283268}.Debug|x86.ActiveCfg = Debug|Any CPU
		{49B7EB3D-B79C-4646-AF13-BDCDB6283268}.Debug|x86.Build.0 = Debug|Any CPU
		{49B7EB3D-B79C-4646-AF13-BDCDB6283268}.Release|Any CPU.ActiveCfg = Release|Any CPU
		{49B7EB3D-B79C-4646-AF13-BDCDB6283268}.Release|Any CPU.Build.0 = Release|Any CPU
		{49B7EB3D-B79C-4646-AF13-BDCDB6283268}.Release|x64.ActiveCfg = Release|Any CPU
		{49B7EB3D-B79C-4646-AF13-BDCDB6283268}.Release|x64.Build.0 = Release|Any CPU
		{49B7EB3D-B79C-4646-AF13-BDCDB6283268}.Release|x86.ActiveCfg = Release|Any CPU
		{49B7EB3D-B79C-4646-AF13-BDCDB6283268}.Release|x86.Build.0 = Release|Any CPU
	EndGlobalSection
EndGlobal
